Microsoft Visual Studio Solution File, Format Version 11.00
# Visual Studio 2010
Project("{FAE04EC0-301F-11D3-BF4B-00C04F79EFBC}") = "JAMReader", "JAMReader\JAMReader.csproj", "{7B4B29C7-C1BC-4DFD-A4B1-AE74DBBF12B7}"
EndProject
Project("{FAE04EC0-301F-11D3-BF4B-00C04F79EFBC}") = "test", "test\test.csproj", "{982E361D-C3D1-4626-8687-F3538D545C91}"
EndProject
Global
	GlobalSection(SolutionConfigurationPlatforms) = preSolution
		Debug|Any CPU = Debug|Any CPU
		Release|Any CPU = Release|Any CPU
	EndGlobalSection
	GlobalSection(ProjectConfigurationPlatforms) = postSolution
		{7B4B29C7-C1BC-4DFD-A4B1-AE74DBBF12B7}.Debug|Any CPU.ActiveCfg = Debug|Any CPU
		{7B4B29C7-C1BC-4DFD-A4B1-AE74DBBF12B7}.Debug|Any CPU.Build.0 = Debug|Any CPU
		{7B4B29C7-C1BC-4DFD-A4B1-AE74DBBF12B7}.Release|Any CPU.ActiveCfg = Release|Any CPU
		{7B4B29C7-C1BC-4DFD-A4B1-AE74DBBF12B7}.Release|Any CPU.Build.0 = Release|Any CPU
		{982E361D-C3D1-4626-8687-F3538D545C91}.Debug|Any CPU.ActiveCfg = Debug|Any CPU
		{982E361D-C3D1-4626-8687-F3538D545C91}.Debug|Any CPU.Build.0 = Debug|Any CPU
		{982E361D-C3D1-4626-8687-F3538D545C91}.Release|Any CPU.ActiveCfg = Release|Any CPU
		{982E361D-C3D1-4626-8687-F3538D545C91}.Release|Any CPU.Build.0 = Release|Any CPU
	EndGlobalSection
	GlobalSection(SolutionProperties) = preSolution
		HideSolutionNode = FALSE
	EndGlobalSection
EndGlobal
